// !$*UTF8*$!
{
	archiveVersion = 1;
	classes = {
	};
	objectVersion = 46;
	objects = {

/* Begin PBXBuildFile section */
		2C6F109B19E88B6400F98DD7 /* Foundation.framework in Frameworks */ = {isa = PBXBuildFile; fileRef = 2C6F109A19E88B6400F98DD7 /* Foundation.framework */; };
		2C6F109D19E88B6400F98DD7 /* CoreGraphics.framework in Frameworks */ = {isa = PBXBuildFile; fileRef = 2C6F109C19E88B6400F98DD7 /* CoreGraphics.framework */; };
		2C6F109F19E88B6400F98DD7 /* UIKit.framework in Frameworks */ = {isa = PBXBuildFile; fileRef = 2C6F109E19E88B6400F98DD7 /* UIKit.framework */; };
		2C6F10A519E88B6400F98DD7 /* InfoPlist.strings in Resources */ = {isa = PBXBuildFile; fileRef = 2C6F10A319E88B6400F98DD7 /* InfoPlist.strings */; };
		2C6F10A719E88B6400F98DD7 /* main.m in Sources */ = {isa = PBXBuildFile; fileRef = 2C6F10A619E88B6400F98DD7 /* main.m */; };
		2C6F10AB19E88B6400F98DD7 /* AppDelegate.m in Sources */ = {isa = PBXBuildFile; fileRef = 2C6F10AA19E88B6400F98DD7 /* AppDelegate.m */; };
		2C6F10AD19E88B6400F98DD7 /* Images.xcassets in Resources */ = {isa = PBXBuildFile; fileRef = 2C6F10AC19E88B6400F98DD7 /* Images.xcassets */; };
		2C6F10B419E88B6400F98DD7 /* XCTest.framework in Frameworks */ = {isa = PBXBuildFile; fileRef = 2C6F10B319E88B6400F98DD7 /* XCTest.framework */; };
		2C6F10B519E88B6400F98DD7 /* Foundation.framework in Frameworks */ = {isa = PBXBuildFile; fileRef = 2C6F109A19E88B6400F98DD7 /* Foundation.framework */; };
		2C6F10B619E88B6400F98DD7 /* UIKit.framework in Frameworks */ = {isa = PBXBuildFile; fileRef = 2C6F109E19E88B6400F98DD7 /* UIKit.framework */; };
		2C6F10BE19E88B6400F98DD7 /* InfoPlist.strings in Resources */ = {isa = PBXBuildFile; fileRef = 2C6F10BC19E88B6400F98DD7 /* InfoPlist.strings */; };
		2C6F10C019E88B6400F98DD7 /* Tip_CalculatorTests.m in Sources */ = {isa = PBXBuildFile; fileRef = 2C6F10BF19E88B6400F98DD7 /* Tip_CalculatorTests.m */; };
/* End PBXBuildFile section */

/* Begin PBXContainerItemProxy section */
		2C6F10B719E88B6400F98DD7 /* PBXContainerItemProxy */ = {
			isa = PBXContainerItemProxy;
			containerPortal = 2C6F108F19E88B6400F98DD7 /* Project object */;
			proxyType = 1;
			remoteGlobalIDString = 2C6F109619E88B6400F98DD7;
			remoteInfo = "Tip Calculator";
		};
/* End PBXContainerItemProxy section */

/* Begin PBXFileReference section */
		2C6F109719E88B6400F98DD7 /* Tip Calculator.app */ = {isa = PBXFileReference; explicitFileType = wrapper.application; includeInIndex = 0; path = "Tip Calculator.app"; sourceTree = BUILT_PRODUCTS_DIR; };
		2C6F109A19E88B6400F98DD7 /* Foundation.framework */ = {isa = PBXFileReference; lastKnownFileType = wrapper.framework; name = Foundation.framework; path = System/Library/Frameworks/Foundation.framework; sourceTree = SDKROOT; };
		2C6F109C19E88B6400F98DD7 /* CoreGraphics.framework */ = {isa = PBXFileReference; lastKnownFileType = wrapper.framework; name = CoreGraphics.framework; path = System/Library/Frameworks/CoreGraphics.framework; sourceTree = SDKROOT; };
		2C6F109E19E88B6400F98DD7 /* UIKit.framework */ = {isa = PBXFileReference; lastKnownFileType = wrapper.framework; name = UIKit.framework; path = System/Library/Frameworks/UIKit.framework; sourceTree = SDKROOT; };
		2C6F10A219E88B6400F98DD7 /* Tip Calculator-Info.plist */ = {isa = PBXFileReference; lastKnownFileType = text.plist.xml; path = "Tip Calculator-Info.plist"; sourceTree = "<group>"; };
		2C6F10A419E88B6400F98DD7 /* en */ = {isa = PBXFileReference; lastKnownFileType = text.plist.strings; name = en; path = en.lproj/InfoPlist.strings; sourceTree = "<group>"; };
		2C6F10A619E88B6400F98DD7 /* main.m */ = {isa = PBXFileReference; lastKnownFileType = sourcecode.c.objc; path = main.m; sourceTree = "<group>"; };
		2C6F10A819E88B6400F98DD7 /* Tip Calculator-Prefix.pch */ = {isa = PBXFileReference; lastKnownFileType = sourcecode.c.h; path = "Tip Calculator-Prefix.pch"; sourceTree = "<group>"; };
		2C6F10A919E88B6400F98DD7 /* AppDelegate.h */ = {isa = PBXFileReference; lastKnownFileType = sourcecode.c.h; path = AppDelegate.h; sourceTree = "<group>"; };
		2C6F10AA19E88B6400F98DD7 /* AppDelegate.m */ = {isa = PBXFileReference; lastKnownFileType = sourcecode.c.objc; path = AppDelegate.m; sourceTree = "<group>"; };
		2C6F10AC19E88B6400F98DD7 /* Images.xcassets */ = {isa = PBXFileReference; lastKnownFileType = folder.assetcatalog; path = Images.xcassets; sourceTree = "<group>"; };
		2C6F10B219E88B6400F98DD7 /* Tip CalculatorTests.xctest */ = {isa = PBXFileReference; explicitFileType = wrapper.cfbundle; includeInIndex = 0; path = "Tip CalculatorTests.xctest"; sourceTree = BUILT_PRODUCTS_DIR; };
		2C6F10B319E88B6400F98DD7 /* XCTest.framework */ = {isa = PBXFileReference; lastKnownFileType = wrapper.framework; name = XCTest.framework; path = Library/Frameworks/XCTest.framework; sourceTree = DEVELOPER_DIR; };
		2C6F10BB19E88B6400F98DD7 /* Tip CalculatorTests-Info.plist */ = {isa = PBXFileReference; lastKnownFileType = text.plist.xml; path = "Tip CalculatorTests-Info.plist"; sourceTree = "<group>"; };
		2C6F10BD19E88B6400F98DD7 /* en */ = {isa = PBXFileReference; lastKnownFileType = text.plist.strings; name = en; path = en.lproj/InfoPlist.strings; sourceTree = "<group>"; };
		2C6F10BF19E88B6400F98DD7 /* Tip_CalculatorTests.m */ = {isa = PBXFileReference; lastKnownFileType = sourcecode.c.objc; path = Tip_CalculatorTests.m; sourceTree = "<group>"; };
/* End PBXFileReference section */

/* Begin PBXFrameworksBuildPhase section */
		2C6F109419E88B6400F98DD7 /* Frameworks */ = {
			isa = PBXFrameworksBuildPhase;
			buildActionMask = 2147483647;
			files = (
				2C6F109D19E88B6400F98DD7 /* CoreGraphics.framework in Frameworks */,
				2C6F109F19E88B6400F98DD7 /* UIKit.framework in Frameworks */,
				2C6F109B19E88B6400F98DD7 /* Foundation.framework in Frameworks */,
			);
			runOnlyForDeploymentPostprocessing = 0;
		};
		2C6F10AF19E88B6400F98DD7 /* Frameworks */ = {
			isa = PBXFrameworksBuildPhase;
			buildActionMask = 2147483647;
			files = (
				2C6F10B419E88B6400F98DD7 /* XCTest.framework in Frameworks */,
				2C6F10B619E88B6400F98DD7 /* UIKit.framework in Frameworks */,
				2C6F10B519E88B6400F98DD7 /* Foundation.framework in Frameworks */,
			);
			runOnlyForDeploymentPostprocessing = 0;
		};
/* End PBXFrameworksBuildPhase section */

/* Begin PBXGroup section */
		2C6F108E19E88B6400F98DD7 = {
			isa = PBXGroup;
			children = (
				2C6F10A019E88B6400F98DD7 /* Tip Calculator */,
				2C6F10B919E88B6400F98DD7 /* Tip CalculatorTests */,
				2C6F109919E88B6400F98DD7 /* Frameworks */,
				2C6F109819E88B6400F98DD7 /* Products */,
			);
			sourceTree = "<group>";
		};
		2C6F109819E88B6400F98DD7 /* Products */ = {
			isa = PBXGroup;
			children = (
				2C6F109719E88B6400F98DD7 /* Tip Calculator.app */,
				2C6F10B219E88B6400F98DD7 /* Tip CalculatorTests.xctest */,
			);
			name = Products;
			sourceTree = "<group>";
		};
		2C6F109919E88B6400F98DD7 /* Frameworks */ = {
			isa = PBXGroup;
			children = (
				2C6F109A19E88B6400F98DD7 /* Foundation.framework */,
				2C6F109C19E88B6400F98DD7 /* CoreGraphics.framework */,
				2C6F109E19E88B6400F98DD7 /* UIKit.framework */,
				2C6F10B319E88B6400F98DD7 /* XCTest.framework */,
			);
			name = Frameworks;
			sourceTree = "<group>";
		};
		2C6F10A019E88B6400F98DD7 /* Tip Calculator */ = {
			isa = PBXGroup;
			children = (
				2C6F10A919E88B6400F98DD7 /* AppDelegate.h */,
				2C6F10AA19E88B6400F98DD7 /* AppDelegate.m */,
				2C6F10AC19E88B6400F98DD7 /* Images.xcassets */,
				2C6F10A119E88B6400F98DD7 /* Supporting Files */,
			);
			path = "Tip Calculator";
			sourceTree = "<group>";
		};
		2C6F10A119E88B6400F98DD7 /* Supporting Files */ = {
			isa = PBXGroup;
			children = (
				2C6F10A219E88B6400F98DD7 /* Tip Calculator-Info.plist */,
				2C6F10A319E88B6400F98DD7 /* InfoPlist.strings */,
				2C6F10A619E88B6400F98DD7 /* main.m */,
				2C6F10A819E88B6400F98DD7 /* Tip Calculator-Prefix.pch */,
			);
			name = "Supporting Files";
			sourceTree = "<group>";
		};
		2C6F10B919E88B6400F98DD7 /* Tip CalculatorTests */ = {
			isa = PBXGroup;
			children = (
				2C6F10BF19E88B6400F98DD7 /* Tip_CalculatorTests.m */,
				2C6F10BA19E88B6400F98DD7 /* Supporting Files */,
			);
			path = "Tip CalculatorTests";
			sourceTree = "<group>";
		};
		2C6F10BA19E88B6400F98DD7 /* Supporting Files */ = {
			isa = PBXGroup;
			children = (
				2C6F10BB19E88B6400F98DD7 /* Tip CalculatorTests-Info.plist */,
				2C6F10BC19E88B6400F98DD7 /* InfoPlist.strings */,
			);
			name = "Supporting Files";
			sourceTree = "<group>";
		};
/* End PBXGroup section */

/* Begin PBXNativeTarget section */
		2C6F109619E88B6400F98DD7 /* Tip Calculator */ = {
			isa = PBXNativeTarget;
			buildConfigurationList = 2C6F10C319E88B6400F98DD7 /* Build configuration list for PBXNativeTarget "Tip Calculator" */;
			buildPhases = (
				2C6F109319E88B6400F98DD7 /* Sources */,
				2C6F109419E88B6400F98DD7 /* Frameworks */,
				2C6F109519E88B6400F98DD7 /* Resources */,
			);
			buildRules = (
			);
			dependencies = (
			);
			name = "Tip Calculator";
			productName = "Tip Calculator";
			productReference = 2C6F109719E88B6400F98DD7 /* Tip Calculator.app */;
			productType = "com.apple.product-type.application";
		};
		2C6F10B119E88B6400F98DD7 /* Tip CalculatorTests */ = {
			isa = PBXNativeTarget;
			buildConfigurationList = 2C6F10C619E88B6400F98DD7 /* Build configuration list for PBXNativeTarget "Tip CalculatorTests" */;
			buildPhases = (
				2C6F10AE19E88B6400F98DD7 /* Sources */,
				2C6F10AF19E88B6400F98DD7 /* Frameworks */,
				2C6F10B019E88B6400F98DD7 /* Resources */,
			);
			buildRules = (
			);
			dependencies = (
				2C6F10B819E88B6400F98DD7 /* PBXTargetDependency */,
			);
			name = "Tip CalculatorTests";
			productName = "Tip CalculatorTests";
			productReference = 2C6F10B219E88B6400F98DD7 /* Tip CalculatorTests.xctest */;
			productType = "com.apple.product-type.bundle.unit-test";
		};
/* End PBXNativeTarget section */

/* Begin PBXProject section */
		2C6F108F19E88B6400F98DD7 /* Project object */ = {
			isa = PBXProject;
			attributes = {
				LastUpgradeCheck = 0510;
				ORGANIZATIONNAME = Facebook;
				TargetAttributes = {
					2C6F10B119E88B6400F98DD7 = {
						TestTargetID = 2C6F109619E88B6400F98DD7;
					};
				};
			};
			buildConfigurationList = 2C6F109219E88B6400F98DD7 /* Build configuration list for PBXProject "Tip Calculator" */;
			compatibilityVersion = "Xcode 3.2";
			developmentRegion = English;
			hasScannedForEncodings = 0;
			knownRegions = (
				en,
			);
			mainGroup = 2C6F108E19E88B6400F98DD7;
			productRefGroup = 2C6F109819E88B6400F98DD7 /* Products */;
			projectDirPath = "";
			projectRoot = "";
			targets = (
				2C6F109619E88B6400F98DD7 /* Tip Calculator */,
				2C6F10B119E88B6400F98DD7 /* Tip CalculatorTests */,
			);
		};
/* End PBXProject section */

/* Begin PBXResourcesBuildPhase section */
		2C6F109519E88B6400F98DD7 /* Resources */ = {
			isa = PBXResourcesBuildPhase;
			buildActionMask = 2147483647;
			files = (
				2C6F10A519E88B6400F98DD7 /* InfoPlist.strings in Resources */,
				2C6F10AD19E88B6400F98DD7 /* Images.xcassets in Resources */,
			);
			runOnlyForDeploymentPostprocessing = 0;
		};
		2C6F10B019E88B6400F98DD7 /* Resources */ = {
			isa = PBXResourcesBuildPhase;
			buildActionMask = 2147483647;
			files = (
				2C6F10BE19E88B6400F98DD7 /* InfoPlist.strings in Resources */,
			);
			runOnlyForDeploymentPostprocessing = 0;
		};
/* End PBXResourcesBuildPhase section */

/* Begin PBXSourcesBuildPhase section */
		2C6F109319E88B6400F98DD7 /* Sources */ = {
			isa = PBXSourcesBuildPhase;
			buildActionMask = 2147483647;
			files = (
				2C6F10AB19E88B6400F98DD7 /* AppDelegate.m in Sources */,
				2C6F10A719E88B6400F98DD7 /* main.m in Sources */,
			);
			runOnlyForDeploymentPostprocessing = 0;
		};
		2C6F10AE19E88B6400F98DD7 /* Sources */ = {
			isa = PBXSourcesBuildPhase;
			buildActionMask = 2147483647;
			files = (
				2C6F10C019E88B6400F98DD7 /* Tip_CalculatorTests.m in Sources */,
			);
			runOnlyForDeploymentPostprocessing = 0;
		};
/* End PBXSourcesBuildPhase section */

/* Begin PBXTargetDependency section */
		2C6F10B819E88B6400F98DD7 /* PBXTargetDependency */ = {
			isa = PBXTargetDependency;
			target = 2C6F109619E88B6400F98DD7 /* Tip Calculator */;
			targetProxy = 2C6F10B719E88B6400F98DD7 /* PBXContainerItemProxy */;
		};
/* End PBXTargetDependency section */

/* Begin PBXVariantGroup section */
		2C6F10A319E88B6400F98DD7 /* InfoPlist.strings */ = {
			isa = PBXVariantGroup;
			children = (
				2C6F10A419E88B6400F98DD7 /* en */,
			);
			name = InfoPlist.strings;
			sourceTree = "<group>";
		};
		2C6F10BC19E88B6400F98DD7 /* InfoPlist.strings */ = {
			isa = PBXVariantGroup;
			children = (
				2C6F10BD19E88B6400F98DD7 /* en */,
			);
			name = InfoPlist.strings;
			sourceTree = "<group>";
		};
/* End PBXVariantGroup section */

/* Begin XCBuildConfiguration section */
		2C6F10C119E88B6400F98DD7 /* Debug */ = {
			isa = XCBuildConfiguration;
			buildSettings = {
				ALWAYS_SEARCH_USER_PATHS = NO;
				CLANG_CXX_LANGUAGE_STANDARD = "gnu++0x";
				CLANG_CXX_LIBRARY = "libc++";
				CLANG_ENABLE_MODULES = YES;
				CLANG_ENABLE_OBJC_ARC = YES;
				CLANG_WARN_BOOL_CONVERSION = YES;
				CLANG_WARN_CONSTANT_CONVERSION = YES;
				CLANG_WARN_DIRECT_OBJC_ISA_USAGE = YES_ERROR;
				CLANG_WARN_EMPTY_BODY = YES;
				CLANG_WARN_ENUM_CONVERSION = YES;
				CLANG_WARN_INT_CONVERSION = YES;
				CLANG_WARN_OBJC_ROOT_CLASS = YES_ERROR;
				CLANG_WARN__DUPLICATE_METHOD_MATCH = YES;
				"CODE_SIGN_IDENTITY[sdk=iphoneos*]" = "iPhone Developer";
				COPY_PHASE_STRIP = NO;
				GCC_C_LANGUAGE_STANDARD = gnu99;
				GCC_DYNAMIC_NO_PIC = NO;
				GCC_OPTIMIZATION_LEVEL = 0;
				GCC_PREPROCESSOR_DEFINITIONS = (
					"DEBUG=1",
					"$(inherited)",
				);
				GCC_SYMBOLS_PRIVATE_EXTERN = NO;
				GCC_WARN_64_TO_32_BIT_CONVERSION = YES;
				GCC_WARN_ABOUT_RETURN_TYPE = YES_ERROR;
				GCC_WARN_UNDECLARED_SELECTOR = YES;
				GCC_WARN_UNINITIALIZED_AUTOS = YES_AGGRESSIVE;
				GCC_WARN_UNUSED_FUNCTION = YES;
				GCC_WARN_UNUSED_VARIABLE = YES;
				IPHONEOS_DEPLOYMENT_TARGET = 7.1;
				ONLY_ACTIVE_ARCH = YES;
				SDKROOT = iphoneos;
				TARGETED_DEVICE_FAMILY = "1,2";
			};
			name = Debug;
		};
		2C6F10C219E88B6400F98DD7 /* Release */ = {
			isa = XCBuildConfiguration;
			buildSettings = {
				ALWAYS_SEARCH_USER_PATHS = NO;
				CLANG_CXX_LANGUAGE_STANDARD = "gnu++0x";
				CLANG_CXX_LIBRARY = "libc++";
				CLANG_ENABLE_MODULES = YES;
				CLANG_ENABLE_OBJC_ARC = YES;
				CLANG_WARN_BOOL_CONVERSION = YES;
				CLANG_WARN_CONSTANT_CONVERSION = YES;
				CLANG_WARN_DIRECT_OBJC_ISA_USAGE = YES_ERROR;
				CLANG_WARN_EMPTY_BODY = YES;
				CLANG_WARN_ENUM_CONVERSION = YES;
				CLANG_WARN_INT_CONVERSION = YES;
				CLANG_WARN_OBJC_ROOT_CLASS = YES_ERROR;
				CLANG_WARN__DUPLICATE_METHOD_MATCH = YES;
				"CODE_SIGN_IDENTITY[sdk=iphoneos*]" = "iPhone Developer";
				COPY_PHASE_STRIP = YES;
				ENABLE_NS_ASSERTIONS = NO;
				GCC_C_LANGUAGE_STANDARD = gnu99;
				GCC_WARN_64_TO_32_BIT_CONVERSION = YES;
				GCC_WARN_ABOUT_RETURN_TYPE = YES_ERROR;
				GCC_WARN_UNDECLARED_SELECTOR = YES;
				GCC_WARN_UNINITIALIZED_AUTOS = YES_AGGRESSIVE;
				GCC_WARN_UNUSED_FUNCTION = YES;
				GCC_WARN_UNUSED_VARIABLE = YES;
				IPHONEOS_DEPLOYMENT_TARGET = 7.1;
				SDKROOT = iphoneos;
				TARGETED_DEVICE_FAMILY = "1,2";
				VALIDATE_PRODUCT = YES;
			};
			name = Release;
		};
		2C6F10C419E88B6400F98DD7 /* Debug */ = {
			isa = XCBuildConfiguration;
			buildSettings = {
				ASSETCATALOG_COMPILER_APPICON_NAME = AppIcon;
				ASSETCATALOG_COMPILER_LAUNCHIMAGE_NAME = LaunchImage;
				GCC_PRECOMPILE_PREFIX_HEADER = YES;
				GCC_PREFIX_HEADER = "Tip Calculator/Tip Calculator-Prefix.pch";
				INFOPLIST_FILE = "Tip Calculator/Tip Calculator-Info.plist";
				PRODUCT_NAME = "$(TARGET_NAME)";
				WRAPPER_EXTENSION = app;
			};
			name = Debug;
		};
		2C6F10C519E88B6400F98DD7 /* Release */ = {
			isa = XCBuildConfiguration;
			buildSettings = {
				ASSETCATALOG_COMPILER_APPICON_NAME = AppIcon;
				ASSETCATALOG_COMPILER_LAUNCHIMAGE_NAME = LaunchImage;
				GCC_PRECOMPILE_PREFIX_HEADER = YES;
				GCC_PREFIX_HEADER = "Tip Calculator/Tip Calculator-Prefix.pch";
				INFOPLIST_FILE = "Tip Calculator/Tip Calculator-Info.plist";
				PRODUCT_NAME = "$(TARGET_NAME)";
				WRAPPER_EXTENSION = app;
			};
			name = Release;
		};
		2C6F10C719E88B6400F98DD7 /* Debug */ = {
			isa = XCBuildConfiguration;
			buildSettings = {
				BUNDLE_LOADER = "$(BUILT_PRODUCTS_DIR)/Tip Calculator.app/Tip Calculator";
				FRAMEWORK_SEARCH_PATHS = (
					"$(SDKROOT)/Developer/Library/Frameworks",
					"$(inherited)",
					"$(DEVELOPER_FRAMEWORKS_DIR)",
				);
				GCC_PRECOMPILE_PREFIX_HEADER = YES;
				GCC_PREFIX_HEADER = "Tip Calculator/Tip Calculator-Prefix.pch";
				GCC_PREPROCESSOR_DEFINITIONS = (
					"DEBUG=1",
					"$(inherited)",
				);
				INFOPLIST_FILE = "Tip CalculatorTests/Tip CalculatorTests-Info.plist";
				PRODUCT_NAME = "$(TARGET_NAME)";
				TEST_HOST = "$(BUNDLE_LOADER)";
				WRAPPER_EXTENSION = xctest;
			};
			name = Debug;
		};
		2C6F10C819E88B6400F98DD7 /* Release */ = {
			isa = XCBuildConfiguration;
			buildSettings = {
				BUNDLE_LOADER = "$(BUILT_PRODUCTS_DIR)/Tip Calculator.app/Tip Calculator";
				FRAMEWORK_SEARCH_PATHS = (
					"$(SDKROOT)/Developer/Library/Frameworks",
					"$(inherited)",
					"$(DEVELOPER_FRAMEWORKS_DIR)",
				);
				GCC_PRECOMPILE_PREFIX_HEADER = YES;
				GCC_PREFIX_HEADER = "Tip Calculator/Tip Calculator-Prefix.pch";
				INFOPLIST_FILE = "Tip CalculatorTests/Tip CalculatorTests-Info.plist";
				PRODUCT_NAME = "$(TARGET_NAME)";
				TEST_HOST = "$(BUNDLE_LOADER)";
				WRAPPER_EXTENSION = xctest;
			};
			name = Release;
		};
/* End XCBuildConfiguration section */

/* Begin XCConfigurationList section */
		2C6F109219E88B6400F98DD7 /* Build configuration list for PBXProject "Tip Calculator" */ = {
			isa = XCConfigurationList;
			buildConfigurations = (
				2C6F10C119E88B6400F98DD7 /* Debug */,
				2C6F10C219E88B6400F98DD7 /* Release */,
			);
			defaultConfigurationIsVisible = 0;
			defaultConfigurationName = Release;
		};
		2C6F10C319E88B6400F98DD7 /* Build configuration list for PBXNativeTarget "Tip Calculator" */ = {
			isa = XCConfigurationList;
			buildConfigurations = (
				2C6F10C419E88B6400F98DD7 /* Debug */,
				2C6F10C519E88B6400F98DD7 /* Release */,
			);
			defaultConfigurationIsVisible = 0;
		};
		2C6F10C619E88B6400F98DD7 /* Build configuration list for PBXNativeTarget "Tip CalculatorTests" */ = {
			isa = XCConfigurationList;
			buildConfigurations = (
				2C6F10C719E88B6400F98DD7 /* Debug */,
				2C6F10C819E88B6400F98DD7 /* Release */,
			);
			defaultConfigurationIsVisible = 0;
		};
/* End XCConfigurationList section */
	};
	rootObject = 2C6F108F19E88B6400F98DD7 /* Project object */;
}
